{
  "version": 4,
  "terraform_version": "0.12.23",
  "serial": 11,
  "lineage": "d9ddff47-569b-7a50-b4a9-86f8c749688c",
  "outputs": {},
  "resources": [
    {
      "mode": "managed",
      "type": "aws_s3_bucket",
      "name": "bucket_s3",
      "provider": "provider.aws",
      "instances": [
        {
          "schema_version": 0,
          "attributes": {
            "acceleration_status": "",
            "acl": "private",
            "arn": "arn:aws:s3:::s3-remotely-state-75aoj-202012",
            "bucket": "s3-remotely-state-75aoj-202012",
            "bucket_domain_name": "s3-remotely-state-75aoj-202012.s3.amazonaws.com",
            "bucket_prefix": null,
            "bucket_regional_domain_name": "s3-remotely-state-75aoj-202012.s3.amazonaws.com",
            "cors_rule": [],
            "force_destroy": false,
            "grant": [],
            "hosted_zone_id": "Z3AQBSTGFYJSTF",
            "id": "s3-remotely-state-75aoj-202012",
            "lifecycle_rule": [],
            "logging": [],
            "object_lock_configuration": [],
            "policy": null,
            "region": "us-east-1",
            "replication_configuration": [],
            "request_payer": "BucketOwner",
            "server_side_encryption_configuration": [],
            "tags": {
              "Environment": "admin",
              "Name": "s3-remotely-state-75aoj-202012"
            },
            "versioning": [
              {
                "enabled": false,
                "mfa_delete": false
              }
            ],
            "website": [],
            "website_domain": null,
            "website_endpoint": null
          },
          "private": "bnVsbA=="
        }
      ]
    }
  ]
}
